{
  "name": "day-5a",
  "lockfileVersion": 2,
  "requires": true,
  "packages": {
    "": {
      "dependencies": {
        "dotenv": "^10.0.0",
        "https": "^1.0.0",
        "persistent-cache": "^1.1.2"
      }
    },
    "node_modules/dotenv": {
      "version": "10.0.0",
      "resolved": "https://registry.npmjs.org/dotenv/-/dotenv-10.0.0.tgz",
      "integrity": "sha512-rlBi9d8jpv9Sf1klPjNfFAuWDjKLwTIJJ/VxtoTwIR6hnZxcEOQCZg2oIL3MWBYw5GpUDKOEnND7LXTbIpQ03Q==",
      "engines": {
        "node": ">=10"
      }
    },
    "node_modules/https": {
      "version": "1.0.0",
      "resolved": "https://registry.npmjs.org/https/-/https-1.0.0.tgz",
      "integrity": "sha512-4EC57ddXrkaF0x83Oj8sM6SLQHAWXw90Skqu2M4AEWENZ3F02dFJE/GARA8igO79tcgYqGrD7ae4f5L3um2lgg=="
    },
    "node_modules/is": {
      "version": "0.2.7",
      "resolved": "https://registry.npmjs.org/is/-/is-0.2.7.tgz",
      "integrity": "sha512-ajQCouIvkcSnl2iRdK70Jug9mohIHVX9uKpoWnl115ov0R5mzBvRrXxrnHbsA+8AdwCwc/sfw7HXmd4I5EJBdQ==",
      "engines": {
        "node": "*"
      }
    },
    "node_modules/mkdirp-no-bin": {
      "version": "0.5.1",
      "resolved": "https://registry.npmjs.org/mkdirp-no-bin/-/mkdirp-no-bin-0.5.1.tgz",
      "integrity": "sha512-TXYKTFeoFPAhZZydgbBFE8iFnpDuS41hxwjG+XaQlz1YkzOjK/OfrxEsab8c3J0MLn3eZ/GPlYya1kdYex8Ing=="
    },
    "node_modules/node.extend": {
      "version": "1.0.8",
      "resolved": "https://registry.npmjs.org/node.extend/-/node.extend-1.0.8.tgz",
      "integrity": "sha512-yvo/DZY0kijlDF192KqLX59/Yz0S5eUrV0GnRcjsoRXVqCGt7EVK+ONq3ZlijJvH/z/447qJaOeTgOGfyFQNPA==",
      "engines": [
        "node >= 0.4.0"
      ],
      "dependencies": {
        "is": "~0.2.6",
        "object-keys": "~0.4.0"
      }
    },
    "node_modules/node.flow": {
      "version": "1.2.3",
      "resolved": "https://registry.npmjs.org/node.flow/-/node.flow-1.2.3.tgz",
      "integrity": "sha512-f6bmAiB6wte7YTVWn5rWpz7Fh9OFHMmj8FwNkI3XnwIHRbg7H3nVncr1Kz8DnGS3idUFpRQ8D6lsecUAvjlqKA==",
      "engines": [
        "node >= 0.4.0"
      ],
      "dependencies": {
        "node.extend": "1.0.8"
      }
    },
    "node_modules/object-keys": {
      "version": "0.4.0",
      "resolved": "https://registry.npmjs.org/object-keys/-/object-keys-0.4.0.tgz",
      "integrity": "sha512-ncrLw+X55z7bkl5PnUvHwFK9FcGuFYo9gtjws2XtSzL+aZ8tm830P60WJ0dSmFVaSalWieW5MD7kEdnXda9yJw=="
    },
    "node_modules/persistent-cache": {
      "version": "1.1.2",
      "resolved": "https://registry.npmjs.org/persistent-cache/-/persistent-cache-1.1.2.tgz",
      "integrity": "sha512-kLyEWXf3hYDv4+NHclSCnjflEGqJMVdVDurNp25zuj9uI3BpkSvRSFtiXu2X9gyh+WkjcGVgcumoR06waIbF4g==",
      "dependencies": {
        "mkdirp-no-bin": "^0.5.1",
        "rmdir": "^1.2.0"
      }
    },
    "node_modules/rmdir": {
      "version": "1.2.0",
      "resolved": "https://registry.npmjs.org/rmdir/-/rmdir-1.2.0.tgz",
      "integrity": "sha512-nzZwoUqCVv00Z1YiRxledUM6MBSR2/Ij9ny6QsMJDl9nOAdwWD+Ak7FnVjHIKITdBZ8oqWpa71TrpiFOPCoKPw==",
      "engines": [
        "node >= 0.8.0"
      ],
      "dependencies": {
        "node.flow": "1.2.3"
      }
    }
  },
  "dependencies": {
    "dotenv": {
      "version": "10.0.0",
      "resolved": "https://registry.npmjs.org/dotenv/-/dotenv-10.0.0.tgz",
      "integrity": "sha512-rlBi9d8jpv9Sf1klPjNfFAuWDjKLwTIJJ/VxtoTwIR6hnZxcEOQCZg2oIL3MWBYw5GpUDKOEnND7LXTbIpQ03Q=="
    },
    "https": {
      "version": "1.0.0",
      "resolved": "https://registry.npmjs.org/https/-/https-1.0.0.tgz",
      "integrity": "sha512-4EC57ddXrkaF0x83Oj8sM6SLQHAWXw90Skqu2M4AEWENZ3F02dFJE/GARA8igO79tcgYqGrD7ae4f5L3um2lgg=="
    },
    "is": {
      "version": "0.2.7",
      "resolved": "https://registry.npmjs.org/is/-/is-0.2.7.tgz",
      "integrity": "sha512-ajQCouIvkcSnl2iRdK70Jug9mohIHVX9uKpoWnl115ov0R5mzBvRrXxrnHbsA+8AdwCwc/sfw7HXmd4I5EJBdQ=="
    },
    "mkdirp-no-bin": {
      "version": "0.5.1",
      "resolved": "https://registry.npmjs.org/mkdirp-no-bin/-/mkdirp-no-bin-0.5.1.tgz",
      "integrity": "sha512-TXYKTFeoFPAhZZydgbBFE8iFnpDuS41hxwjG+XaQlz1YkzOjK/OfrxEsab8c3J0MLn3eZ/GPlYya1kdYex8Ing=="
    },
    "node.extend": {
      "version": "1.0.8",
      "resolved": "https://registry.npmjs.org/node.extend/-/node.extend-1.0.8.tgz",
      "integrity": "sha512-yvo/DZY0kijlDF192KqLX59/Yz0S5eUrV0GnRcjsoRXVqCGt7EVK+ONq3ZlijJvH/z/447qJaOeTgOGfyFQNPA==",
      "requires": {
        "is": "~0.2.6",
        "object-keys": "~0.4.0"
      }
    },
    "node.flow": {
      "version": "1.2.3",
      "resolved": "https://registry.npmjs.org/node.flow/-/node.flow-1.2.3.tgz",
      "integrity": "sha512-f6bmAiB6wte7YTVWn5rWpz7Fh9OFHMmj8FwNkI3XnwIHRbg7H3nVncr1Kz8DnGS3idUFpRQ8D6lsecUAvjlqKA==",
      "requires": {
        "node.extend": "1.0.8"
      }
    },
    "object-keys": {
      "version": "0.4.0",
      "resolved": "https://registry.npmjs.org/object-keys/-/object-keys-0.4.0.tgz",
      "integrity": "sha512-ncrLw+X55z7bkl5PnUvHwFK9FcGuFYo9gtjws2XtSzL+aZ8tm830P60WJ0dSmFVaSalWieW5MD7kEdnXda9yJw=="
    },
    "persistent-cache": {
      "version": "1.1.2",
      "resolved": "https://registry.npmjs.org/persistent-cache/-/persistent-cache-1.1.2.tgz",
      "integrity": "sha512-kLyEWXf3hYDv4+NHclSCnjflEGqJMVdVDurNp25zuj9uI3BpkSvRSFtiXu2X9gyh+WkjcGVgcumoR06waIbF4g==",
      "requires": {
        "mkdirp-no-bin": "^0.5.1",
        "rmdir": "^1.2.0"
      }
    },
    "rmdir": {
      "version": "1.2.0",
      "resolved": "https://registry.npmjs.org/rmdir/-/rmdir-1.2.0.tgz",
      "integrity": "sha512-nzZwoUqCVv00Z1YiRxledUM6MBSR2/Ij9ny6QsMJDl9nOAdwWD+Ak7FnVjHIKITdBZ8oqWpa71TrpiFOPCoKPw==",
      "requires": {
        "node.flow": "1.2.3"
      }
    }
  }
}
